// !$*UTF8*$!
{
	archiveVersion = 1;
	classes = {
	};
	objectVersion = 46;
	objects = {

/* Begin PBXBuildFile section */
		D14E20FA1AE1692B0071E197 /* main.m in Sources */ = {isa = PBXBuildFile; fileRef = D14E20F91AE1692B0071E197 /* main.m */; };
		D14E20FD1AE1692B0071E197 /* AppDelegate.m in Sources */ = {isa = PBXBuildFile; fileRef = D14E20FC1AE1692B0071E197 /* AppDelegate.m */; };
		D14E21001AE1692B0071E197 /* Table_Conti02.xcdatamodeld in Sources */ = {isa = PBXBuildFile; fileRef = D14E20FE1AE1692B0071E197 /* Table_Conti02.xcdatamodeld */; };
		D14E21031AE1692B0071E197 /* Table01.m in Sources */ = {isa = PBXBuildFile; fileRef = D14E21021AE1692B0071E197 /* Table01.m */; };
		D14E21061AE1692B0071E197 /* Main.storyboard in Resources */ = {isa = PBXBuildFile; fileRef = D14E21041AE1692B0071E197 /* Main.storyboard */; };
		D14E21081AE1692B0071E197 /* Images.xcassets in Resources */ = {isa = PBXBuildFile; fileRef = D14E21071AE1692B0071E197 /* Images.xcassets */; };
		D14E210B1AE1692B0071E197 /* LaunchScreen.xib in Resources */ = {isa = PBXBuildFile; fileRef = D14E21091AE1692B0071E197 /* LaunchScreen.xib */; };
		D14E21171AE1692B0071E197 /* Table_Conti02Tests.m in Sources */ = {isa = PBXBuildFile; fileRef = D14E21161AE1692B0071E197 /* Table_Conti02Tests.m */; };
		D14E21241AE16A540071E197 /* Continental.jpg in Resources */ = {isa = PBXBuildFile; fileRef = D14E21231AE16A540071E197 /* Continental.jpg */; };
		D14E21281AE16AE80071E197 /* cellEmployees.m in Sources */ = {isa = PBXBuildFile; fileRef = D14E21261AE16AE80071E197 /* cellEmployees.m */; };
		D14E21291AE16AE80071E197 /* cellEmployees.xib in Resources */ = {isa = PBXBuildFile; fileRef = D14E21271AE16AE80071E197 /* cellEmployees.xib */; };
		D14E212D1AE174C90071E197 /* Declarations.m in Sources */ = {isa = PBXBuildFile; fileRef = D14E212C1AE174C90071E197 /* Declarations.m */; };
/* End PBXBuildFile section */

/* Begin PBXContainerItemProxy section */
		D14E21111AE1692B0071E197 /* PBXContainerItemProxy */ = {
			isa = PBXContainerItemProxy;
			containerPortal = D14E20EC1AE1692B0071E197 /* Project object */;
			proxyType = 1;
			remoteGlobalIDString = D14E20F31AE1692B0071E197;
			remoteInfo = "Table-Conti02";
		};
/* End PBXContainerItemProxy section */

/* Begin PBXFileReference section */
		D14E20F41AE1692B0071E197 /* Table-Conti02.app */ = {isa = PBXFileReference; explicitFileType = wrapper.application; includeInIndex = 0; path = "Table-Conti02.app"; sourceTree = BUILT_PRODUCTS_DIR; };
		D14E20F81AE1692B0071E197 /* Info.plist */ = {isa = PBXFileReference; lastKnownFileType = text.plist.xml; path = Info.plist; sourceTree = "<group>"; };
		D14E20F91AE1692B0071E197 /* main.m */ = {isa = PBXFileReference; lastKnownFileType = sourcecode.c.objc; path = main.m; sourceTree = "<group>"; };
		D14E20FB1AE1692B0071E197 /* AppDelegate.h */ = {isa = PBXFileReference; lastKnownFileType = sourcecode.c.h; path = AppDelegate.h; sourceTree = "<group>"; };
		D14E20FC1AE1692B0071E197 /* AppDelegate.m */ = {isa = PBXFileReference; lastKnownFileType = sourcecode.c.objc; path = AppDelegate.m; sourceTree = "<group>"; };
		D14E20FF1AE1692B0071E197 /* Table_Conti02.xcdatamodel */ = {isa = PBXFileReference; lastKnownFileType = wrapper.xcdatamodel; path = Table_Conti02.xcdatamodel; sourceTree = "<group>"; };
		D14E21011AE1692B0071E197 /* Table01.h */ = {isa = PBXFileReference; lastKnownFileType = sourcecode.c.h; path = Table01.h; sourceTree = "<group>"; };
		D14E21021AE1692B0071E197 /* Table01.m */ = {isa = PBXFileReference; lastKnownFileType = sourcecode.c.objc; path = Table01.m; sourceTree = "<group>"; };
		D14E21051AE1692B0071E197 /* Base */ = {isa = PBXFileReference; lastKnownFileType = file.storyboard; name = Base; path = Base.lproj/Main.storyboard; sourceTree = "<group>"; };
		D14E21071AE1692B0071E197 /* Images.xcassets */ = {isa = PBXFileReference; lastKnownFileType = folder.assetcatalog; path = Images.xcassets; sourceTree = "<group>"; };
		D14E210A1AE1692B0071E197 /* Base */ = {isa = PBXFileReference; lastKnownFileType = file.xib; name = Base; path = Base.lproj/LaunchScreen.xib; sourceTree = "<group>"; };
		D14E21101AE1692B0071E197 /* Table-Conti02Tests.xctest */ = {isa = PBXFileReference; explicitFileType = wrapper.cfbundle; includeInIndex = 0; path = "Table-Conti02Tests.xctest"; sourceTree = BUILT_PRODUCTS_DIR; };
		D14E21151AE1692B0071E197 /* Info.plist */ = {isa = PBXFileReference; lastKnownFileType = text.plist.xml; path = Info.plist; sourceTree = "<group>"; };
		D14E21161AE1692B0071E197 /* Table_Conti02Tests.m */ = {isa = PBXFileReference; lastKnownFileType = sourcecode.c.objc; path = Table_Conti02Tests.m; sourceTree = "<group>"; };
		D14E21231AE16A540071E197 /* Continental.jpg */ = {isa = PBXFileReference; lastKnownFileType = image.jpeg; name = Continental.jpg; path = imgs/Continental.jpg; sourceTree = "<group>"; };
		D14E21251AE16AE80071E197 /* cellEmployees.h */ = {isa = PBXFileReference; fileEncoding = 4; lastKnownFileType = sourcecode.c.h; path = cellEmployees.h; sourceTree = "<group>"; };
		D14E21261AE16AE80071E197 /* cellEmployees.m */ = {isa = PBXFileReference; fileEncoding = 4; lastKnownFileType = sourcecode.c.objc; path = cellEmployees.m; sourceTree = "<group>"; };
		D14E21271AE16AE80071E197 /* cellEmployees.xib */ = {isa = PBXFileReference; fileEncoding = 4; lastKnownFileType = file.xib; path = cellEmployees.xib; sourceTree = "<group>"; };
		D14E212B1AE174C90071E197 /* Declarations.h */ = {isa = PBXFileReference; fileEncoding = 4; lastKnownFileType = sourcecode.c.h; path = Declarations.h; sourceTree = "<group>"; };
		D14E212C1AE174C90071E197 /* Declarations.m */ = {isa = PBXFileReference; fileEncoding = 4; lastKnownFileType = sourcecode.c.objc; path = Declarations.m; sourceTree = "<group>"; };
/* End PBXFileReference section */

/* Begin PBXFrameworksBuildPhase section */
		D14E20F11AE1692B0071E197 /* Frameworks */ = {
			isa = PBXFrameworksBuildPhase;
			buildActionMask = 2147483647;
			files = (
			);
			runOnlyForDeploymentPostprocessing = 0;
		};
		D14E210D1AE1692B0071E197 /* Frameworks */ = {
			isa = PBXFrameworksBuildPhase;
			buildActionMask = 2147483647;
			files = (
			);
			runOnlyForDeploymentPostprocessing = 0;
		};
/* End PBXFrameworksBuildPhase section */

/* Begin PBXGroup section */
		D14E20EB1AE1692B0071E197 = {
			isa = PBXGroup;
			children = (
				D14E20F61AE1692B0071E197 /* Table-Conti02 */,
				D14E21131AE1692B0071E197 /* Table-Conti02Tests */,
				D14E20F51AE1692B0071E197 /* Products */,
			);
			sourceTree = "<group>";
		};
		D14E20F51AE1692B0071E197 /* Products */ = {
			isa = PBXGroup;
			children = (
				D14E20F41AE1692B0071E197 /* Table-Conti02.app */,
				D14E21101AE1692B0071E197 /* Table-Conti02Tests.xctest */,
			);
			name = Products;
			sourceTree = "<group>";
		};
		D14E20F61AE1692B0071E197 /* Table-Conti02 */ = {
			isa = PBXGroup;
			children = (
				D14E212A1AE1749B0071E197 /* Main */,
				D14E21221AE16A460071E197 /* imgs */,
				D14E21211AE16A3E0071E197 /* Customized */,
				D14E21201AE16A310071E197 /* Controllers */,
				D14E20FB1AE1692B0071E197 /* AppDelegate.h */,
				D14E20FC1AE1692B0071E197 /* AppDelegate.m */,
				D14E21041AE1692B0071E197 /* Main.storyboard */,
				D14E21071AE1692B0071E197 /* Images.xcassets */,
				D14E21091AE1692B0071E197 /* LaunchScreen.xib */,
				D14E20FE1AE1692B0071E197 /* Table_Conti02.xcdatamodeld */,
				D14E20F71AE1692B0071E197 /* Supporting Files */,
			);
			path = "Table-Conti02";
			sourceTree = "<group>";
		};
		D14E20F71AE1692B0071E197 /* Supporting Files */ = {
			isa = PBXGroup;
			children = (
				D14E20F81AE1692B0071E197 /* Info.plist */,
				D14E20F91AE1692B0071E197 /* main.m */,
			);
			name = "Supporting Files";
			sourceTree = "<group>";
		};
		D14E21131AE1692B0071E197 /* Table-Conti02Tests */ = {
			isa = PBXGroup;
			children = (
				D14E21161AE1692B0071E197 /* Table_Conti02Tests.m */,
				D14E21141AE1692B0071E197 /* Supporting Files */,
			);
			path = "Table-Conti02Tests";
			sourceTree = "<group>";
		};
		D14E21141AE1692B0071E197 /* Supporting Files */ = {
			isa = PBXGroup;
			children = (
				D14E21151AE1692B0071E197 /* Info.plist */,
			);
			name = "Supporting Files";
			sourceTree = "<group>";
		};
		D14E21201AE16A310071E197 /* Controllers */ = {
			isa = PBXGroup;
			children = (
				D14E21011AE1692B0071E197 /* Table01.h */,
				D14E21021AE1692B0071E197 /* Table01.m */,
			);
			name = Controllers;
			sourceTree = "<group>";
		};
		D14E21211AE16A3E0071E197 /* Customized */ = {
			isa = PBXGroup;
			children = (
				D14E21251AE16AE80071E197 /* cellEmployees.h */,
				D14E21261AE16AE80071E197 /* cellEmployees.m */,
				D14E21271AE16AE80071E197 /* cellEmployees.xib */,
			);
			name = Customized;
			sourceTree = "<group>";
		};
		D14E21221AE16A460071E197 /* imgs */ = {
			isa = PBXGroup;
			children = (
				D14E21231AE16A540071E197 /* Continental.jpg */,
			);
			name = imgs;
			sourceTree = "<group>";
		};
		D14E212A1AE1749B0071E197 /* Main */ = {
			isa = PBXGroup;
			children = (
				D14E212B1AE174C90071E197 /* Declarations.h */,
				D14E212C1AE174C90071E197 /* Declarations.m */,
			);
			name = Main;
			sourceTree = "<group>";
		};
/* End PBXGroup section */

/* Begin PBXNativeTarget section */
		D14E20F31AE1692B0071E197 /* Table-Conti02 */ = {
			isa = PBXNativeTarget;
			buildConfigurationList = D14E211A1AE1692B0071E197 /* Build configuration list for PBXNativeTarget "Table-Conti02" */;
			buildPhases = (
				D14E20F01AE1692B0071E197 /* Sources */,
				D14E20F11AE1692B0071E197 /* Frameworks */,
				D14E20F21AE1692B0071E197 /* Resources */,
			);
			buildRules = (
			);
			dependencies = (
			);
			name = "Table-Conti02";
			productName = "Table-Conti02";
			productReference = D14E20F41AE1692B0071E197 /* Table-Conti02.app */;
			productType = "com.apple.product-type.application";
		};
		D14E210F1AE1692B0071E197 /* Table-Conti02Tests */ = {
			isa = PBXNativeTarget;
			buildConfigurationList = D14E211D1AE1692B0071E197 /* Build configuration list for PBXNativeTarget "Table-Conti02Tests" */;
			buildPhases = (
				D14E210C1AE1692B0071E197 /* Sources */,
				D14E210D1AE1692B0071E197 /* Frameworks */,
				D14E210E1AE1692B0071E197 /* Resources */,
			);
			buildRules = (
			);
			dependencies = (
				D14E21121AE1692B0071E197 /* PBXTargetDependency */,
			);
			name = "Table-Conti02Tests";
			productName = "Table-Conti02Tests";
			productReference = D14E21101AE1692B0071E197 /* Table-Conti02Tests.xctest */;
			productType = "com.apple.product-type.bundle.unit-test";
		};
/* End PBXNativeTarget section */

/* Begin PBXProject section */
		D14E20EC1AE1692B0071E197 /* Project object */ = {
			isa = PBXProject;
			attributes = {
				LastUpgradeCheck = 0630;
				ORGANIZATIONNAME = Smartplace;
				TargetAttributes = {
					D14E20F31AE1692B0071E197 = {
						CreatedOnToolsVersion = 6.3;
					};
					D14E210F1AE1692B0071E197 = {
						CreatedOnToolsVersion = 6.3;
						TestTargetID = D14E20F31AE1692B0071E197;
					};
				};
			};
			buildConfigurationList = D14E20EF1AE1692B0071E197 /* Build configuration list for PBXProject "Table-Conti02" */;
			compatibilityVersion = "Xcode 3.2";
			developmentRegion = English;
			hasScannedForEncodings = 0;
			knownRegions = (
				en,
				Base,
			);
			mainGroup = D14E20EB1AE1692B0071E197;
			productRefGroup = D14E20F51AE1692B0071E197 /* Products */;
			projectDirPath = "";
			projectRoot = "";
			targets = (
				D14E20F31AE1692B0071E197 /* Table-Conti02 */,
				D14E210F1AE1692B0071E197 /* Table-Conti02Tests */,
			);
		};
/* End PBXProject section */

/* Begin PBXResourcesBuildPhase section */
		D14E20F21AE1692B0071E197 /* Resources */ = {
			isa = PBXResourcesBuildPhase;
			buildActionMask = 2147483647;
			files = (
				D14E21291AE16AE80071E197 /* cellEmployees.xib in Resources */,
				D14E21061AE1692B0071E197 /* Main.storyboard in Resources */,
				D14E21241AE16A540071E197 /* Continental.jpg in Resources */,
				D14E210B1AE1692B0071E197 /* LaunchScreen.xib in Resources */,
				D14E21081AE1692B0071E197 /* Images.xcassets in Resources */,
			);
			runOnlyForDeploymentPostprocessing = 0;
		};
		D14E210E1AE1692B0071E197 /* Resources */ = {
			isa = PBXResourcesBuildPhase;
			buildActionMask = 2147483647;
			files = (
			);
			runOnlyForDeploymentPostprocessing = 0;
		};
/* End PBXResourcesBuildPhase section */

/* Begin PBXSourcesBuildPhase section */
		D14E20F01AE1692B0071E197 /* Sources */ = {
			isa = PBXSourcesBuildPhase;
			buildActionMask = 2147483647;
			files = (
				D14E20FD1AE1692B0071E197 /* AppDelegate.m in Sources */,
				D14E21281AE16AE80071E197 /* cellEmployees.m in Sources */,
				D14E212D1AE174C90071E197 /* Declarations.m in Sources */,
				D14E21001AE1692B0071E197 /* Table_Conti02.xcdatamodeld in Sources */,
				D14E21031AE1692B0071E197 /* Table01.m in Sources */,
				D14E20FA1AE1692B0071E197 /* main.m in Sources */,
			);
			runOnlyForDeploymentPostprocessing = 0;
		};
		D14E210C1AE1692B0071E197 /* Sources */ = {
			isa = PBXSourcesBuildPhase;
			buildActionMask = 2147483647;
			files = (
				D14E21171AE1692B0071E197 /* Table_Conti02Tests.m in Sources */,
			);
			runOnlyForDeploymentPostprocessing = 0;
		};
/* End PBXSourcesBuildPhase section */

/* Begin PBXTargetDependency section */
		D14E21121AE1692B0071E197 /* PBXTargetDependency */ = {
			isa = PBXTargetDependency;
			target = D14E20F31AE1692B0071E197 /* Table-Conti02 */;
			targetProxy = D14E21111AE1692B0071E197 /* PBXContainerItemProxy */;
		};
/* End PBXTargetDependency section */

/* Begin PBXVariantGroup section */
		D14E21041AE1692B0071E197 /* Main.storyboard */ = {
			isa = PBXVariantGroup;
			children = (
				D14E21051AE1692B0071E197 /* Base */,
			);
			name = Main.storyboard;
			sourceTree = "<group>";
		};
		D14E21091AE1692B0071E197 /* LaunchScreen.xib */ = {
			isa = PBXVariantGroup;
			children = (
				D14E210A1AE1692B0071E197 /* Base */,
			);
			name = LaunchScreen.xib;
			sourceTree = "<group>";
		};
/* End PBXVariantGroup section */

/* Begin XCBuildConfiguration section */
		D14E21181AE1692B0071E197 /* Debug */ = {
			isa = XCBuildConfiguration;
			buildSettings = {
				ALWAYS_SEARCH_USER_PATHS = NO;
				CLANG_CXX_LANGUAGE_STANDARD = "gnu++0x";
				CLANG_CXX_LIBRARY = "libc++";
				CLANG_ENABLE_MODULES = YES;
				CLANG_ENABLE_OBJC_ARC = YES;
				CLANG_WARN_BOOL_CONVERSION = YES;
				CLANG_WARN_CONSTANT_CONVERSION = YES;
				CLANG_WARN_DIRECT_OBJC_ISA_USAGE = YES_ERROR;
				CLANG_WARN_EMPTY_BODY = YES;
				CLANG_WARN_ENUM_CONVERSION = YES;
				CLANG_WARN_INT_CONVERSION = YES;
				CLANG_WARN_OBJC_ROOT_CLASS = YES_ERROR;
				CLANG_WARN_UNREACHABLE_CODE = YES;
				CLANG_WARN__DUPLICATE_METHOD_MATCH = YES;
				"CODE_SIGN_IDENTITY[sdk=iphoneos*]" = "iPhone Developer";
				COPY_PHASE_STRIP = NO;
				DEBUG_INFORMATION_FORMAT = "dwarf-with-dsym";
				ENABLE_STRICT_OBJC_MSGSEND = YES;
				GCC_C_LANGUAGE_STANDARD = gnu99;
				GCC_DYNAMIC_NO_PIC = NO;
				GCC_NO_COMMON_BLOCKS = YES;
				GCC_OPTIMIZATION_LEVEL = 0;
				GCC_PREPROCESSOR_DEFINITIONS = (
					"DEBUG=1",
					"$(inherited)",
				);
				GCC_SYMBOLS_PRIVATE_EXTERN = NO;
				GCC_WARN_64_TO_32_BIT_CONVERSION = YES;
				GCC_WARN_ABOUT_RETURN_TYPE = YES_ERROR;
				GCC_WARN_UNDECLARED_SELECTOR = YES;
				GCC_WARN_UNINITIALIZED_AUTOS = YES_AGGRESSIVE;
				GCC_WARN_UNUSED_FUNCTION = YES;
				GCC_WARN_UNUSED_VARIABLE = YES;
				IPHONEOS_DEPLOYMENT_TARGET = 8.3;
				MTL_ENABLE_DEBUG_INFO = YES;
				ONLY_ACTIVE_ARCH = YES;
				SDKROOT = iphoneos;
			};
			name = Debug;
		};
		D14E21191AE1692B0071E197 /* Release */ = {
			isa = XCBuildConfiguration;
			buildSettings = {
				ALWAYS_SEARCH_USER_PATHS = NO;
				CLANG_CXX_LANGUAGE_STANDARD = "gnu++0x";
				CLANG_CXX_LIBRARY = "libc++";
				CLANG_ENABLE_MODULES = YES;
				CLANG_ENABLE_OBJC_ARC = YES;
				CLANG_WARN_BOOL_CONVERSION = YES;
				CLANG_WARN_CONSTANT_CONVERSION = YES;
				CLANG_WARN_DIRECT_OBJC_ISA_USAGE = YES_ERROR;
				CLANG_WARN_EMPTY_BODY = YES;
				CLANG_WARN_ENUM_CONVERSION = YES;
				CLANG_WARN_INT_CONVERSION = YES;
				CLANG_WARN_OBJC_ROOT_CLASS = YES_ERROR;
				CLANG_WARN_UNREACHABLE_CODE = YES;
				CLANG_WARN__DUPLICATE_METHOD_MATCH = YES;
				"CODE_SIGN_IDENTITY[sdk=iphoneos*]" = "iPhone Developer";
				COPY_PHASE_STRIP = NO;
				DEBUG_INFORMATION_FORMAT = "dwarf-with-dsym";
				ENABLE_NS_ASSERTIONS = NO;
				ENABLE_STRICT_OBJC_MSGSEND = YES;
				GCC_C_LANGUAGE_STANDARD = gnu99;
				GCC_NO_COMMON_BLOCKS = YES;
				GCC_WARN_64_TO_32_BIT_CONVERSION = YES;
				GCC_WARN_ABOUT_RETURN_TYPE = YES_ERROR;
				GCC_WARN_UNDECLARED_SELECTOR = YES;
				GCC_WARN_UNINITIALIZED_AUTOS = YES_AGGRESSIVE;
				GCC_WARN_UNUSED_FUNCTION = YES;
				GCC_WARN_UNUSED_VARIABLE = YES;
				IPHONEOS_DEPLOYMENT_TARGET = 8.3;
				MTL_ENABLE_DEBUG_INFO = NO;
				SDKROOT = iphoneos;
				VALIDATE_PRODUCT = YES;
			};
			name = Release;
		};
		D14E211B1AE1692B0071E197 /* Debug */ = {
			isa = XCBuildConfiguration;
			buildSettings = {
				ASSETCATALOG_COMPILER_APPICON_NAME = AppIcon;
				INFOPLIST_FILE = "Table-Conti02/Info.plist";
				LD_RUNPATH_SEARCH_PATHS = "$(inherited) @executable_path/Frameworks";
				PRODUCT_NAME = "$(TARGET_NAME)";
			};
			name = Debug;
		};
		D14E211C1AE1692B0071E197 /* Release */ = {
			isa = XCBuildConfiguration;
			buildSettings = {
				ASSETCATALOG_COMPILER_APPICON_NAME = AppIcon;
				INFOPLIST_FILE = "Table-Conti02/Info.plist";
				LD_RUNPATH_SEARCH_PATHS = "$(inherited) @executable_path/Frameworks";
				PRODUCT_NAME = "$(TARGET_NAME)";
			};
			name = Release;
		};
		D14E211E1AE1692B0071E197 /* Debug */ = {
			isa = XCBuildConfiguration;
			buildSettings = {
				BUNDLE_LOADER = "$(TEST_HOST)";
				FRAMEWORK_SEARCH_PATHS = (
					"$(SDKROOT)/Developer/Library/Frameworks",
					"$(inherited)",
				);
				GCC_PREPROCESSOR_DEFINITIONS = (
					"DEBUG=1",
					"$(inherited)",
				);
				INFOPLIST_FILE = "Table-Conti02Tests/Info.plist";
				LD_RUNPATH_SEARCH_PATHS = "$(inherited) @executable_path/Frameworks @loader_path/Frameworks";
				PRODUCT_NAME = "$(TARGET_NAME)";
				TEST_HOST = "$(BUILT_PRODUCTS_DIR)/Table-Conti02.app/Table-Conti02";
			};
			name = Debug;
		};
		D14E211F1AE1692B0071E197 /* Release */ = {
			isa = XCBuildConfiguration;
			buildSettings = {
				BUNDLE_LOADER = "$(TEST_HOST)";
				FRAMEWORK_SEARCH_PATHS = (
					"$(SDKROOT)/Developer/Library/Frameworks",
					"$(inherited)",
				);
				INFOPLIST_FILE = "Table-Conti02Tests/Info.plist";
				LD_RUNPATH_SEARCH_PATHS = "$(inherited) @executable_path/Frameworks @loader_path/Frameworks";
				PRODUCT_NAME = "$(TARGET_NAME)";
				TEST_HOST = "$(BUILT_PRODUCTS_DIR)/Table-Conti02.app/Table-Conti02";
			};
			name = Release;
		};
/* End XCBuildConfiguration section */

/* Begin XCConfigurationList section */
		D14E20EF1AE1692B0071E197 /* Build configuration list for PBXProject "Table-Conti02" */ = {
			isa = XCConfigurationList;
			buildConfigurations = (
				D14E21181AE1692B0071E197 /* Debug */,
				D14E21191AE1692B0071E197 /* Release */,
			);
			defaultConfigurationIsVisible = 0;
			defaultConfigurationName = Release;
		};
		D14E211A1AE1692B0071E197 /* Build configuration list for PBXNativeTarget "Table-Conti02" */ = {
			isa = XCConfigurationList;
			buildConfigurations = (
				D14E211B1AE1692B0071E197 /* Debug */,
				D14E211C1AE1692B0071E197 /* Release */,
			);
			defaultConfigurationIsVisible = 0;
		};
		D14E211D1AE1692B0071E197 /* Build configuration list for PBXNativeTarget "Table-Conti02Tests" */ = {
			isa = XCConfigurationList;
			buildConfigurations = (
				D14E211E1AE1692B0071E197 /* Debug */,
				D14E211F1AE1692B0071E197 /* Release */,
			);
			defaultConfigurationIsVisible = 0;
		};
/* End XCConfigurationList section */

/* Begin XCVersionGroup section */
		D14E20FE1AE1692B0071E197 /* Table_Conti02.xcdatamodeld */ = {
			isa = XCVersionGroup;
			children = (
				D14E20FF1AE1692B0071E197 /* Table_Conti02.xcdatamodel */,
			);
			currentVersion = D14E20FF1AE1692B0071E197 /* Table_Conti02.xcdatamodel */;
			path = Table_Conti02.xcdatamodeld;
			sourceTree = "<group>";
			versionGroupType = wrapper.xcdatamodel;
		};
/* End XCVersionGroup section */
	};
	rootObject = D14E20EC1AE1692B0071E197 /* Project object */;
}
